
Microsoft Visual Studio Solution File, Format Version 12.00
# Visual Studio Version 17
VisualStudioVersion = 17.0.31903.59
MinimumVisualStudioVersion = 10.0.40219.1
Project("{2150E333-8FDC-42A3-9474-1A3956D46DE8}") = "src", "src", "{EEE41798-F83B-4D9C-AB0E-C74ECCDD8650}"
EndProject
Project("{2150E333-8FDC-42A3-9474-1A3956D46DE8}") = "Tlis.Cms.ShowManagement", "Tlis.Cms.ShowManagement", "{E3001DB3-A2A6-4D2B-A9A6-BE0D64150841}"
EndProject
Project("{2150E333-8FDC-42A3-9474-1A3956D46DE8}") = "Api", "Api", "{8D0F85CE-75FC-4535-ACE6-EF6C901C47EE}"
EndProject
Project("{FAE04EC0-301F-11D3-BF4B-00C04F79EFBC}") = "Tlis.Cms.ShowManagement.Api", "src\Tlis.Cms.ShowManagement\Api\src\Tlis.Cms.ShowManagement.Api.csproj", "{4D57A889-A08F-46A4-9397-7814DC1F2BD9}"
EndProject
Project("{2150E333-8FDC-42A3-9474-1A3956D46DE8}") = "Application", "Application", "{C4EE74FA-9B00-4408-B341-A1CA94814404}"
EndProject
Project("{FAE04EC0-301F-11D3-BF4B-00C04F79EFBC}") = "Tlis.Cms.ShowManagement.Application", "src\Tlis.Cms.ShowManagement\Application\src\Tlis.Cms.ShowManagement.Application.csproj", "{02782ED3-8D66-44F5-AE01-C07BEB93BEDC}"
EndProject
Project("{2150E333-8FDC-42A3-9474-1A3956D46DE8}") = "Domain", "Domain", "{DE1B8AA7-41F8-4336-9102-D907DA87CEB5}"
EndProject
Project("{FAE04EC0-301F-11D3-BF4B-00C04F79EFBC}") = "Tlis.Cms.ShowManagement.Domain", "src\Tlis.Cms.ShowManagement\Domain\src\Tlis.Cms.ShowManagement.Domain.csproj", "{E67234C7-9043-4962-B995-9DA4301A6EF5}"
EndProject
Project("{2150E333-8FDC-42A3-9474-1A3956D46DE8}") = "Infrastructure", "Infrastructure", "{EF8768E0-4DA2-40E4-BFD5-E13745AC9A81}"
EndProject
Project("{FAE04EC0-301F-11D3-BF4B-00C04F79EFBC}") = "Tlis.Cms.ShowManagement.Infrastructure", "src\Tlis.Cms.ShowManagement\Infrastructure\src\Tlis.Cms.ShowManagement.Infrastructure.csproj", "{BF827883-20F1-424F-88F9-DBD1F89CCCB2}"
EndProject
Project("{FAE04EC0-301F-11D3-BF4B-00C04F79EFBC}") = "Tlis.Cms.ShowManagement.Cli", "src\Tlis.Cms.ShowManagement.Cli\Tlis.Cms.ShowManagement.Cli.csproj", "{C6018BF7-4E38-4D2E-A18F-90522DE2A413}"
EndProject
Project("{2150E333-8FDC-42A3-9474-1A3956D46DE8}") = "Shared", "Shared", "{CEB51FAA-CA76-472A-87CB-DBCACF2CB318}"
EndProject
Project("{FAE04EC0-301F-11D3-BF4B-00C04F79EFBC}") = "Tlis.Cms.ShowManagement.Shared", "src\Tlis.Cms.ShowManagement\Shared\src\Tlis.Cms.ShowManagement.Shared.csproj", "{9283F8EC-6A1A-47DD-B9CE-A51813D1C3A9}"
EndProject
Global
	GlobalSection(SolutionConfigurationPlatforms) = preSolution
		Debug|Any CPU = Debug|Any CPU
		Release|Any CPU = Release|Any CPU
	EndGlobalSection
	GlobalSection(SolutionProperties) = preSolution
		HideSolutionNode = FALSE
	EndGlobalSection
	GlobalSection(ProjectConfigurationPlatforms) = postSolution
		{4D57A889-A08F-46A4-9397-7814DC1F2BD9}.Debug|Any CPU.ActiveCfg = Debug|Any CPU
		{4D57A889-A08F-46A4-9397-7814DC1F2BD9}.Debug|Any CPU.Build.0 = Debug|Any CPU
		{4D57A889-A08F-46A4-9397-7814DC1F2BD9}.Release|Any CPU.ActiveCfg = Release|Any CPU
		{4D57A889-A08F-46A4-9397-7814DC1F2BD9}.Release|Any CPU.Build.0 = Release|Any CPU
		{02782ED3-8D66-44F5-AE01-C07BEB93BEDC}.Debug|Any CPU.ActiveCfg = Debug|Any CPU
		{02782ED3-8D66-44F5-AE01-C07BEB93BEDC}.Debug|Any CPU.Build.0 = Debug|Any CPU
		{02782ED3-8D66-44F5-AE01-C07BEB93BEDC}.Release|Any CPU.ActiveCfg = Release|Any CPU
		{02782ED3-8D66-44F5-AE01-C07BEB93BEDC}.Release|Any CPU.Build.0 = Release|Any CPU
		{E67234C7-9043-4962-B995-9DA4301A6EF5}.Debug|Any CPU.ActiveCfg = Debug|Any CPU
		{E67234C7-9043-4962-B995-9DA4301A6EF5}.Debug|Any CPU.Build.0 = Debug|Any CPU
		{E67234C7-9043-4962-B995-9DA4301A6EF5}.Release|Any CPU.ActiveCfg = Release|Any CPU
		{E67234C7-9043-4962-B995-9DA4301A6EF5}.Release|Any CPU.Build.0 = Release|Any CPU
		{BF827883-20F1-424F-88F9-DBD1F89CCCB2}.Debug|Any CPU.ActiveCfg = Debug|Any CPU
		{BF827883-20F1-424F-88F9-DBD1F89CCCB2}.Debug|Any CPU.Build.0 = Debug|Any CPU
		{BF827883-20F1-424F-88F9-DBD1F89CCCB2}.Release|Any CPU.ActiveCfg = Release|Any CPU
		{BF827883-20F1-424F-88F9-DBD1F89CCCB2}.Release|Any CPU.Build.0 = Release|Any CPU
		{C6018BF7-4E38-4D2E-A18F-90522DE2A413}.Debug|Any CPU.ActiveCfg = Debug|Any CPU
		{C6018BF7-4E38-4D2E-A18F-90522DE2A413}.Debug|Any CPU.Build.0 = Debug|Any CPU
		{C6018BF7-4E38-4D2E-A18F-90522DE2A413}.Release|Any CPU.ActiveCfg = Release|Any CPU
		{C6018BF7-4E38-4D2E-A18F-90522DE2A413}.Release|Any CPU.Build.0 = Release|Any CPU
		{9283F8EC-6A1A-47DD-B9CE-A51813D1C3A9}.Debug|Any CPU.ActiveCfg = Debug|Any CPU
		{9283F8EC-6A1A-47DD-B9CE-A51813D1C3A9}.Debug|Any CPU.Build.0 = Debug|Any CPU
		{9283F8EC-6A1A-47DD-B9CE-A51813D1C3A9}.Release|Any CPU.ActiveCfg = Release|Any CPU
		{9283F8EC-6A1A-47DD-B9CE-A51813D1C3A9}.Release|Any CPU.Build.0 = Release|Any CPU
	EndGlobalSection
	GlobalSection(NestedProjects) = preSolution
		{E3001DB3-A2A6-4D2B-A9A6-BE0D64150841} = {EEE41798-F83B-4D9C-AB0E-C74ECCDD8650}
		{8D0F85CE-75FC-4535-ACE6-EF6C901C47EE} = {E3001DB3-A2A6-4D2B-A9A6-BE0D64150841}
		{4D57A889-A08F-46A4-9397-7814DC1F2BD9} = {8D0F85CE-75FC-4535-ACE6-EF6C901C47EE}
		{C4EE74FA-9B00-4408-B341-A1CA94814404} = {E3001DB3-A2A6-4D2B-A9A6-BE0D64150841}
		{02782ED3-8D66-44F5-AE01-C07BEB93BEDC} = {C4EE74FA-9B00-4408-B341-A1CA94814404}
		{DE1B8AA7-41F8-4336-9102-D907DA87CEB5} = {E3001DB3-A2A6-4D2B-A9A6-BE0D64150841}
		{E67234C7-9043-4962-B995-9DA4301A6EF5} = {DE1B8AA7-41F8-4336-9102-D907DA87CEB5}
		{EF8768E0-4DA2-40E4-BFD5-E13745AC9A81} = {E3001DB3-A2A6-4D2B-A9A6-BE0D64150841}
		{BF827883-20F1-424F-88F9-DBD1F89CCCB2} = {EF8768E0-4DA2-40E4-BFD5-E13745AC9A81}
		{C6018BF7-4E38-4D2E-A18F-90522DE2A413} = {EEE41798-F83B-4D9C-AB0E-C74ECCDD8650}
		{CEB51FAA-CA76-472A-87CB-DBCACF2CB318} = {E3001DB3-A2A6-4D2B-A9A6-BE0D64150841}
		{9283F8EC-6A1A-47DD-B9CE-A51813D1C3A9} = {CEB51FAA-CA76-472A-87CB-DBCACF2CB318}
	EndGlobalSection
EndGlobal
